
Microsoft Visual Studio Solution File, Format Version 12.00
# Visual Studio Version 17
VisualStudioVersion = 17.14.36518.9 d17.14
MinimumVisualStudioVersion = 10.0.40219.1
Project("{FAE04EC0-301F-11D3-BF4B-00C04F79EFBC}") = "oop-assignment-2-2025-72484", "oop-assignment-2-2025-72484\oop-assignment-2-2025-72484.csproj", "{15A035D7-5653-4878-9333-E2405FF57DBA}"
EndProject
Project("{FAE04EC0-301F-11D3-BF4B-00C04F79EFBC}") = "oop-assignment-2.Tests", "oop-assignment-2.Tests\oop-assignment-2.Tests.csproj", "{6CCD53F2-8249-408B-ADBA-CFEAE3756FC7}"
EndProject
Global
	GlobalSection(SolutionConfigurationPlatforms) = preSolution
		Debug|Any CPU = Debug|Any CPU
		Release|Any CPU = Release|Any CPU
	EndGlobalSection
	GlobalSection(ProjectConfigurationPlatforms) = postSolution
		{15A035D7-5653-4878-9333-E2405FF57DBA}.Debug|Any CPU.ActiveCfg = Debug|Any CPU
		{15A035D7-5653-4878-9333-E2405FF57DBA}.Debug|Any CPU.Build.0 = Debug|Any CPU
		{15A035D7-5653-4878-9333-E2405FF57DBA}.Release|Any CPU.ActiveCfg = Release|Any CPU
		{15A035D7-5653-4878-9333-E2405FF57DBA}.Release|Any CPU.Build.0 = Release|Any CPU
		{6CCD53F2-8249-408B-ADBA-CFEAE3756FC7}.Debug|Any CPU.ActiveCfg = Debug|Any CPU
		{6CCD53F2-8249-408B-ADBA-CFEAE3756FC7}.Debug|Any CPU.Build.0 = Debug|Any CPU
		{6CCD53F2-8249-408B-ADBA-CFEAE3756FC7}.Release|Any CPU.ActiveCfg = Release|Any CPU
		{6CCD53F2-8249-408B-ADBA-CFEAE3756FC7}.Release|Any CPU.Build.0 = Release|Any CPU
	EndGlobalSection
	GlobalSection(SolutionProperties) = preSolution
		HideSolutionNode = FALSE
	EndGlobalSection
	GlobalSection(ExtensibilityGlobals) = postSolution
		SolutionGuid = {781A09A5-A915-4447-A46C-3E537C078BE0}
	EndGlobalSection
EndGlobal
